{
  "name": "node_seal",
  "version": "1.0.0",
  "lockfileVersion": 3,
  "requires": true,
  "packages": {
    "": {
      "name": "node_seal",
      "version": "1.0.0",
      "license": "ISC",
      "dependencies": {
        "node-seal": "^5.1.5",
        "perf_hooks": "^0.0.1"
      }
    },
    "node_modules/node-seal": {
      "version": "5.1.5",
      "resolved": "https://registry.npmjs.org/node-seal/-/node-seal-5.1.5.tgz",
      "integrity": "sha512-IjYeHuy9j77oV+Xf7iM+Ci6gaVfioeb8MhqmyAVl5qYCSZ+PGYy8gZmODbw+9u25kky92XGY5OgJo0orLSFXOw=="
    },
    "node_modules/perf_hooks": {
      "version": "0.0.1",
      "resolved": "https://registry.npmjs.org/perf_hooks/-/perf_hooks-0.0.1.tgz",
      "integrity": "sha512-qG/D9iA4KDme+KF4vCObJy6Bouu3BlQnmJ8jPydVPm32NJBD9ZK1ZNgXSYaZKHkVC1sKSqUiLgFvAZPUiIEnBw=="
    }
  }
}
